// !$*UTF8*$!
{
	archiveVersion = 1;
	classes = {
	};
	objectVersion = 46;
	objects = {

/* Begin PBXBuildFile section */
		9772DE8031281F0F139EDB0A /* libPods-MapTest.a in Frameworks */ = {isa = PBXBuildFile; fileRef = CD8EF0CF5C2F2DB89DA75DB4 /* libPods-MapTest.a */; };
		D931C0721DC814EE0031D427 /* BusLocationModel.m in Sources */ = {isa = PBXBuildFile; fileRef = D931C0711DC814EE0031D427 /* BusLocationModel.m */; };
		D934621B1DC98DD2007227CD /* AiWei_MAPointAnnotation.m in Sources */ = {isa = PBXBuildFile; fileRef = D934621A1DC98DD2007227CD /* AiWei_MAPointAnnotation.m */; };
		D934622E1DC9B632007227CD /* AiWei_MAMapView.m in Sources */ = {isa = PBXBuildFile; fileRef = D934622D1DC9B632007227CD /* AiWei_MAMapView.m */; };
		D93462311DC9B915007227CD /* AiWei_MaMapViewController.m in Sources */ = {isa = PBXBuildFile; fileRef = D93462301DC9B915007227CD /* AiWei_MaMapViewController.m */; };
		D9B526BA1DC6D59B00B5DD08 /* main.m in Sources */ = {isa = PBXBuildFile; fileRef = D9B526B91DC6D59B00B5DD08 /* main.m */; };
		D9B526BD1DC6D59B00B5DD08 /* AppDelegate.m in Sources */ = {isa = PBXBuildFile; fileRef = D9B526BC1DC6D59B00B5DD08 /* AppDelegate.m */; };
		D9B526C01DC6D59B00B5DD08 /* ViewController.m in Sources */ = {isa = PBXBuildFile; fileRef = D9B526BF1DC6D59B00B5DD08 /* ViewController.m */; };
		D9B526C31DC6D59B00B5DD08 /* Main.storyboard in Resources */ = {isa = PBXBuildFile; fileRef = D9B526C11DC6D59B00B5DD08 /* Main.storyboard */; };
		D9B526C51DC6D59B00B5DD08 /* Assets.xcassets in Resources */ = {isa = PBXBuildFile; fileRef = D9B526C41DC6D59B00B5DD08 /* Assets.xcassets */; };
		D9B526C81DC6D59B00B5DD08 /* LaunchScreen.storyboard in Resources */ = {isa = PBXBuildFile; fileRef = D9B526C61DC6D59B00B5DD08 /* LaunchScreen.storyboard */; };
		D9B526D31DC6D59B00B5DD08 /* MapTestTests.m in Sources */ = {isa = PBXBuildFile; fileRef = D9B526D21DC6D59B00B5DD08 /* MapTestTests.m */; };
		D9B526DE1DC6D59B00B5DD08 /* MapTestUITests.m in Sources */ = {isa = PBXBuildFile; fileRef = D9B526DD1DC6D59B00B5DD08 /* MapTestUITests.m */; };
		D9B526FA1DC754D600B5DD08 /* BusCalloutView.m in Sources */ = {isa = PBXBuildFile; fileRef = D9B526F91DC754D600B5DD08 /* BusCalloutView.m */; };
		D9B526FD1DC7581900B5DD08 /* BusAnnotationView.m in Sources */ = {isa = PBXBuildFile; fileRef = D9B526FC1DC7581900B5DD08 /* BusAnnotationView.m */; };
/* End PBXBuildFile section */

/* Begin PBXContainerItemProxy section */
		D9B526CF1DC6D59B00B5DD08 /* PBXContainerItemProxy */ = {
			isa = PBXContainerItemProxy;
			containerPortal = D9B526AD1DC6D59B00B5DD08 /* Project object */;
			proxyType = 1;
			remoteGlobalIDString = D9B526B41DC6D59B00B5DD08;
			remoteInfo = MapTest;
		};
		D9B526DA1DC6D59B00B5DD08 /* PBXContainerItemProxy */ = {
			isa = PBXContainerItemProxy;
			containerPortal = D9B526AD1DC6D59B00B5DD08 /* Project object */;
			proxyType = 1;
			remoteGlobalIDString = D9B526B41DC6D59B00B5DD08;
			remoteInfo = MapTest;
		};
/* End PBXContainerItemProxy section */

/* Begin PBXFileReference section */
		073E9150B18587519A00D9F9 /* Pods-MapTest.release.xcconfig */ = {isa = PBXFileReference; includeInIndex = 1; lastKnownFileType = text.xcconfig; name = "Pods-MapTest.release.xcconfig"; path = "Pods/Target Support Files/Pods-MapTest/Pods-MapTest.release.xcconfig"; sourceTree = "<group>"; };
		12B9326B63549A6C5FC32130 /* Pods-MapTest.debug.xcconfig */ = {isa = PBXFileReference; includeInIndex = 1; lastKnownFileType = text.xcconfig; name = "Pods-MapTest.debug.xcconfig"; path = "Pods/Target Support Files/Pods-MapTest/Pods-MapTest.debug.xcconfig"; sourceTree = "<group>"; };
		CD8EF0CF5C2F2DB89DA75DB4 /* libPods-MapTest.a */ = {isa = PBXFileReference; explicitFileType = archive.ar; includeInIndex = 0; path = "libPods-MapTest.a"; sourceTree = BUILT_PRODUCTS_DIR; };
		D931C0701DC814EE0031D427 /* BusLocationModel.h */ = {isa = PBXFileReference; fileEncoding = 4; lastKnownFileType = sourcecode.c.h; path = BusLocationModel.h; sourceTree = "<group>"; };
		D931C0711DC814EE0031D427 /* BusLocationModel.m */ = {isa = PBXFileReference; fileEncoding = 4; lastKnownFileType = sourcecode.c.objc; path = BusLocationModel.m; sourceTree = "<group>"; };
		D93462191DC98DD2007227CD /* AiWei_MAPointAnnotation.h */ = {isa = PBXFileReference; fileEncoding = 4; lastKnownFileType = sourcecode.c.h; path = AiWei_MAPointAnnotation.h; sourceTree = "<group>"; };
		D934621A1DC98DD2007227CD /* AiWei_MAPointAnnotation.m */ = {isa = PBXFileReference; fileEncoding = 4; lastKnownFileType = sourcecode.c.objc; path = AiWei_MAPointAnnotation.m; sourceTree = "<group>"; };
		D934622C1DC9B632007227CD /* AiWei_MAMapView.h */ = {isa = PBXFileReference; fileEncoding = 4; lastKnownFileType = sourcecode.c.h; path = AiWei_MAMapView.h; sourceTree = "<group>"; };
		D934622D1DC9B632007227CD /* AiWei_MAMapView.m */ = {isa = PBXFileReference; fileEncoding = 4; lastKnownFileType = sourcecode.c.objc; path = AiWei_MAMapView.m; sourceTree = "<group>"; };
		D934622F1DC9B915007227CD /* AiWei_MaMapViewController.h */ = {isa = PBXFileReference; fileEncoding = 4; lastKnownFileType = sourcecode.c.h; path = AiWei_MaMapViewController.h; sourceTree = "<group>"; };
		D93462301DC9B915007227CD /* AiWei_MaMapViewController.m */ = {isa = PBXFileReference; fileEncoding = 4; lastKnownFileType = sourcecode.c.objc; path = AiWei_MaMapViewController.m; sourceTree = "<group>"; };
		D9B526B51DC6D59B00B5DD08 /* MapTest.app */ = {isa = PBXFileReference; explicitFileType = wrapper.application; includeInIndex = 0; path = MapTest.app; sourceTree = BUILT_PRODUCTS_DIR; };
		D9B526B91DC6D59B00B5DD08 /* main.m */ = {isa = PBXFileReference; lastKnownFileType = sourcecode.c.objc; path = main.m; sourceTree = "<group>"; };
		D9B526BB1DC6D59B00B5DD08 /* AppDelegate.h */ = {isa = PBXFileReference; lastKnownFileType = sourcecode.c.h; path = AppDelegate.h; sourceTree = "<group>"; };
		D9B526BC1DC6D59B00B5DD08 /* AppDelegate.m */ = {isa = PBXFileReference; lastKnownFileType = sourcecode.c.objc; path = AppDelegate.m; sourceTree = "<group>"; };
		D9B526BE1DC6D59B00B5DD08 /* ViewController.h */ = {isa = PBXFileReference; lastKnownFileType = sourcecode.c.h; path = ViewController.h; sourceTree = "<group>"; };
		D9B526BF1DC6D59B00B5DD08 /* ViewController.m */ = {isa = PBXFileReference; lastKnownFileType = sourcecode.c.objc; path = ViewController.m; sourceTree = "<group>"; };
		D9B526C21DC6D59B00B5DD08 /* Base */ = {isa = PBXFileReference; lastKnownFileType = file.storyboard; name = Base; path = Base.lproj/Main.storyboard; sourceTree = "<group>"; };
		D9B526C41DC6D59B00B5DD08 /* Assets.xcassets */ = {isa = PBXFileReference; lastKnownFileType = folder.assetcatalog; path = Assets.xcassets; sourceTree = "<group>"; };
		D9B526C71DC6D59B00B5DD08 /* Base */ = {isa = PBXFileReference; lastKnownFileType = file.storyboard; name = Base; path = Base.lproj/LaunchScreen.storyboard; sourceTree = "<group>"; };
		D9B526C91DC6D59B00B5DD08 /* Info.plist */ = {isa = PBXFileReference; lastKnownFileType = text.plist.xml; path = Info.plist; sourceTree = "<group>"; };
		D9B526CE1DC6D59B00B5DD08 /* MapTestTests.xctest */ = {isa = PBXFileReference; explicitFileType = wrapper.cfbundle; includeInIndex = 0; path = MapTestTests.xctest; sourceTree = BUILT_PRODUCTS_DIR; };
		D9B526D21DC6D59B00B5DD08 /* MapTestTests.m */ = {isa = PBXFileReference; lastKnownFileType = sourcecode.c.objc; path = MapTestTests.m; sourceTree = "<group>"; };
		D9B526D41DC6D59B00B5DD08 /* Info.plist */ = {isa = PBXFileReference; lastKnownFileType = text.plist.xml; path = Info.plist; sourceTree = "<group>"; };
		D9B526D91DC6D59B00B5DD08 /* MapTestUITests.xctest */ = {isa = PBXFileReference; explicitFileType = wrapper.cfbundle; includeInIndex = 0; path = MapTestUITests.xctest; sourceTree = BUILT_PRODUCTS_DIR; };
		D9B526DD1DC6D59B00B5DD08 /* MapTestUITests.m */ = {isa = PBXFileReference; lastKnownFileType = sourcecode.c.objc; path = MapTestUITests.m; sourceTree = "<group>"; };
		D9B526DF1DC6D59B00B5DD08 /* Info.plist */ = {isa = PBXFileReference; lastKnownFileType = text.plist.xml; path = Info.plist; sourceTree = "<group>"; };
		D9B526F81DC754D600B5DD08 /* BusCalloutView.h */ = {isa = PBXFileReference; fileEncoding = 4; lastKnownFileType = sourcecode.c.h; path = BusCalloutView.h; sourceTree = "<group>"; };
		D9B526F91DC754D600B5DD08 /* BusCalloutView.m */ = {isa = PBXFileReference; fileEncoding = 4; lastKnownFileType = sourcecode.c.objc; path = BusCalloutView.m; sourceTree = "<group>"; };
		D9B526FB1DC7581900B5DD08 /* BusAnnotationView.h */ = {isa = PBXFileReference; fileEncoding = 4; lastKnownFileType = sourcecode.c.h; path = BusAnnotationView.h; sourceTree = "<group>"; };
		D9B526FC1DC7581900B5DD08 /* BusAnnotationView.m */ = {isa = PBXFileReference; fileEncoding = 4; lastKnownFileType = sourcecode.c.objc; path = BusAnnotationView.m; sourceTree = "<group>"; };
/* End PBXFileReference section */

/* Begin PBXFrameworksBuildPhase section */
		D9B526B21DC6D59B00B5DD08 /* Frameworks */ = {
			isa = PBXFrameworksBuildPhase;
			buildActionMask = 2147483647;
			files = (
				9772DE8031281F0F139EDB0A /* libPods-MapTest.a in Frameworks */,
			);
			runOnlyForDeploymentPostprocessing = 0;
		};
		D9B526CB1DC6D59B00B5DD08 /* Frameworks */ = {
			isa = PBXFrameworksBuildPhase;
			buildActionMask = 2147483647;
			files = (
			);
			runOnlyForDeploymentPostprocessing = 0;
		};
		D9B526D61DC6D59B00B5DD08 /* Frameworks */ = {
			isa = PBXFrameworksBuildPhase;
			buildActionMask = 2147483647;
			files = (
			);
			runOnlyForDeploymentPostprocessing = 0;
		};
/* End PBXFrameworksBuildPhase section */

/* Begin PBXGroup section */
		5B3CE6B04DAB36172AB4D960 /* Pods */ = {
			isa = PBXGroup;
			children = (
				12B9326B63549A6C5FC32130 /* Pods-MapTest.debug.xcconfig */,
				073E9150B18587519A00D9F9 /* Pods-MapTest.release.xcconfig */,
			);
			name = Pods;
			sourceTree = "<group>";
		};
		C55F9D48106C43A16EA4D171 /* Frameworks */ = {
			isa = PBXGroup;
			children = (
				CD8EF0CF5C2F2DB89DA75DB4 /* libPods-MapTest.a */,
			);
			name = Frameworks;
			sourceTree = "<group>";
		};
		D9B526AC1DC6D59B00B5DD08 = {
			isa = PBXGroup;
			children = (
				D9B526B71DC6D59B00B5DD08 /* MapTest */,
				D9B526D11DC6D59B00B5DD08 /* MapTestTests */,
				D9B526DC1DC6D59B00B5DD08 /* MapTestUITests */,
				D9B526B61DC6D59B00B5DD08 /* Products */,
				5B3CE6B04DAB36172AB4D960 /* Pods */,
				C55F9D48106C43A16EA4D171 /* Frameworks */,
			);
			sourceTree = "<group>";
		};
		D9B526B61DC6D59B00B5DD08 /* Products */ = {
			isa = PBXGroup;
			children = (
				D9B526B51DC6D59B00B5DD08 /* MapTest.app */,
				D9B526CE1DC6D59B00B5DD08 /* MapTestTests.xctest */,
				D9B526D91DC6D59B00B5DD08 /* MapTestUITests.xctest */,
			);
			name = Products;
			sourceTree = "<group>";
		};
		D9B526B71DC6D59B00B5DD08 /* MapTest */ = {
			isa = PBXGroup;
			children = (
				D9B526F41DC754A900B5DD08 /* SchoolBusAttendance  */,
				D9B526BB1DC6D59B00B5DD08 /* AppDelegate.h */,
				D9B526BC1DC6D59B00B5DD08 /* AppDelegate.m */,
				D9B526BE1DC6D59B00B5DD08 /* ViewController.h */,
				D9B526BF1DC6D59B00B5DD08 /* ViewController.m */,
				D9B526C11DC6D59B00B5DD08 /* Main.storyboard */,
				D9B526C41DC6D59B00B5DD08 /* Assets.xcassets */,
				D9B526C61DC6D59B00B5DD08 /* LaunchScreen.storyboard */,
				D9B526C91DC6D59B00B5DD08 /* Info.plist */,
				D9B526B81DC6D59B00B5DD08 /* Supporting Files */,
			);
			path = MapTest;
			sourceTree = "<group>";
		};
		D9B526B81DC6D59B00B5DD08 /* Supporting Files */ = {
			isa = PBXGroup;
			children = (
				D9B526B91DC6D59B00B5DD08 /* main.m */,
			);
			name = "Supporting Files";
			sourceTree = "<group>";
		};
		D9B526D11DC6D59B00B5DD08 /* MapTestTests */ = {
			isa = PBXGroup;
			children = (
				D9B526D21DC6D59B00B5DD08 /* MapTestTests.m */,
				D9B526D41DC6D59B00B5DD08 /* Info.plist */,
			);
			path = MapTestTests;
			sourceTree = "<group>";
		};
		D9B526DC1DC6D59B00B5DD08 /* MapTestUITests */ = {
			isa = PBXGroup;
			children = (
				D9B526DD1DC6D59B00B5DD08 /* MapTestUITests.m */,
				D9B526DF1DC6D59B00B5DD08 /* Info.plist */,
			);
			path = MapTestUITests;
			sourceTree = "<group>";
		};
		D9B526F41DC754A900B5DD08 /* SchoolBusAttendance  */ = {
			isa = PBXGroup;
			children = (
				D9B526F51DC754A900B5DD08 /* Model */,
				D9B526F61DC754A900B5DD08 /* View */,
				D9B526F71DC754A900B5DD08 /* ViewCotroller */,
			);
			path = "SchoolBusAttendance ";
			sourceTree = "<group>";
		};
		D9B526F51DC754A900B5DD08 /* Model */ = {
			isa = PBXGroup;
			children = (
				D931C0701DC814EE0031D427 /* BusLocationModel.h */,
				D931C0711DC814EE0031D427 /* BusLocationModel.m */,
				D93462191DC98DD2007227CD /* AiWei_MAPointAnnotation.h */,
				D934621A1DC98DD2007227CD /* AiWei_MAPointAnnotation.m */,
			);
			path = Model;
			sourceTree = "<group>";
		};
		D9B526F61DC754A900B5DD08 /* View */ = {
			isa = PBXGroup;
			children = (
				D9B526FB1DC7581900B5DD08 /* BusAnnotationView.h */,
				D9B526FC1DC7581900B5DD08 /* BusAnnotationView.m */,
				D9B526F81DC754D600B5DD08 /* BusCalloutView.h */,
				D9B526F91DC754D600B5DD08 /* BusCalloutView.m */,
				D934622C1DC9B632007227CD /* AiWei_MAMapView.h */,
				D934622D1DC9B632007227CD /* AiWei_MAMapView.m */,
			);
			path = View;
			sourceTree = "<group>";
		};
		D9B526F71DC754A900B5DD08 /* ViewCotroller */ = {
			isa = PBXGroup;
			children = (
				D934622F1DC9B915007227CD /* AiWei_MaMapViewController.h */,
				D93462301DC9B915007227CD /* AiWei_MaMapViewController.m */,
			);
			path = ViewCotroller;
			sourceTree = "<group>";
		};
/* End PBXGroup section */

/* Begin PBXNativeTarget section */
		D9B526B41DC6D59B00B5DD08 /* MapTest */ = {
			isa = PBXNativeTarget;
			buildConfigurationList = D9B526E21DC6D59B00B5DD08 /* Build configuration list for PBXNativeTarget "MapTest" */;
			buildPhases = (
				0B20CE45967264989D1ED1DD /* 📦 Check Pods Manifest.lock */,
				D9B526B11DC6D59B00B5DD08 /* Sources */,
				D9B526B21DC6D59B00B5DD08 /* Frameworks */,
				D9B526B31DC6D59B00B5DD08 /* Resources */,
				D800254799ACE1D11B2A36C8 /* 📦 Embed Pods Frameworks */,
				4732A882F09DA0104AF45E33 /* 📦 Copy Pods Resources */,
			);
			buildRules = (
			);
			dependencies = (
			);
			name = MapTest;
			productName = MapTest;
			productReference = D9B526B51DC6D59B00B5DD08 /* MapTest.app */;
			productType = "com.apple.product-type.application";
		};
		D9B526CD1DC6D59B00B5DD08 /* MapTestTests */ = {
			isa = PBXNativeTarget;
			buildConfigurationList = D9B526E51DC6D59B00B5DD08 /* Build configuration list for PBXNativeTarget "MapTestTests" */;
			buildPhases = (
				D9B526CA1DC6D59B00B5DD08 /* Sources */,
				D9B526CB1DC6D59B00B5DD08 /* Frameworks */,
				D9B526CC1DC6D59B00B5DD08 /* Resources */,
			);
			buildRules = (
			);
			dependencies = (
				D9B526D01DC6D59B00B5DD08 /* PBXTargetDependency */,
			);
			name = MapTestTests;
			productName = MapTestTests;
			productReference = D9B526CE1DC6D59B00B5DD08 /* MapTestTests.xctest */;
			productType = "com.apple.product-type.bundle.unit-test";
		};
		D9B526D81DC6D59B00B5DD08 /* MapTestUITests */ = {
			isa = PBXNativeTarget;
			buildConfigurationList = D9B526E81DC6D59B00B5DD08 /* Build configuration list for PBXNativeTarget "MapTestUITests" */;
			buildPhases = (
				D9B526D51DC6D59B00B5DD08 /* Sources */,
				D9B526D61DC6D59B00B5DD08 /* Frameworks */,
				D9B526D71DC6D59B00B5DD08 /* Resources */,
			);
			buildRules = (
			);
			dependencies = (
				D9B526DB1DC6D59B00B5DD08 /* PBXTargetDependency */,
			);
			name = MapTestUITests;
			productName = MapTestUITests;
			productReference = D9B526D91DC6D59B00B5DD08 /* MapTestUITests.xctest */;
			productType = "com.apple.product-type.bundle.ui-testing";
		};
/* End PBXNativeTarget section */

/* Begin PBXProject section */
		D9B526AD1DC6D59B00B5DD08 /* Project object */ = {
			isa = PBXProject;
			attributes = {
				LastUpgradeCheck = 0800;
				ORGANIZATIONNAME = "胡双飞";
				TargetAttributes = {
					D9B526B41DC6D59B00B5DD08 = {
						CreatedOnToolsVersion = 8.0;
						DevelopmentTeam = 5U4E6NB59X;
						ProvisioningStyle = Automatic;
					};
					D9B526CD1DC6D59B00B5DD08 = {
						CreatedOnToolsVersion = 8.0;
						ProvisioningStyle = Automatic;
						TestTargetID = D9B526B41DC6D59B00B5DD08;
					};
					D9B526D81DC6D59B00B5DD08 = {
						CreatedOnToolsVersion = 8.0;
						ProvisioningStyle = Automatic;
						TestTargetID = D9B526B41DC6D59B00B5DD08;
					};
				};
			};
			buildConfigurationList = D9B526B01DC6D59B00B5DD08 /* Build configuration list for PBXProject "MapTest" */;
			compatibilityVersion = "Xcode 3.2";
			developmentRegion = English;
			hasScannedForEncodings = 0;
			knownRegions = (
				en,
				Base,
			);
			mainGroup = D9B526AC1DC6D59B00B5DD08;
			productRefGroup = D9B526B61DC6D59B00B5DD08 /* Products */;
			projectDirPath = "";
			projectRoot = "";
			targets = (
				D9B526B41DC6D59B00B5DD08 /* MapTest */,
				D9B526CD1DC6D59B00B5DD08 /* MapTestTests */,
				D9B526D81DC6D59B00B5DD08 /* MapTestUITests */,
			);
		};
/* End PBXProject section */

/* Begin PBXResourcesBuildPhase section */
		D9B526B31DC6D59B00B5DD08 /* Resources */ = {
			isa = PBXResourcesBuildPhase;
			buildActionMask = 2147483647;
			files = (
				D9B526C81DC6D59B00B5DD08 /* LaunchScreen.storyboard in Resources */,
				D9B526C51DC6D59B00B5DD08 /* Assets.xcassets in Resources */,
				D9B526C31DC6D59B00B5DD08 /* Main.storyboard in Resources */,
			);
			runOnlyForDeploymentPostprocessing = 0;
		};
		D9B526CC1DC6D59B00B5DD08 /* Resources */ = {
			isa = PBXResourcesBuildPhase;
			buildActionMask = 2147483647;
			files = (
			);
			runOnlyForDeploymentPostprocessing = 0;
		};
		D9B526D71DC6D59B00B5DD08 /* Resources */ = {
			isa = PBXResourcesBuildPhase;
			buildActionMask = 2147483647;
			files = (
			);
			runOnlyForDeploymentPostprocessing = 0;
		};
/* End PBXResourcesBuildPhase section */

/* Begin PBXShellScriptBuildPhase section */
		0B20CE45967264989D1ED1DD /* 📦 Check Pods Manifest.lock */ = {
			isa = PBXShellScriptBuildPhase;
			buildActionMask = 2147483647;
			files = (
			);
			inputPaths = (
			);
			name = "📦 Check Pods Manifest.lock";
			outputPaths = (
			);
			runOnlyForDeploymentPostprocessing = 0;
			shellPath = /bin/sh;
			shellScript = "diff \"${PODS_ROOT}/../Podfile.lock\" \"${PODS_ROOT}/Manifest.lock\" > /dev/null\nif [[ $? != 0 ]] ; then\n    cat << EOM\nerror: The sandbox is not in sync with the Podfile.lock. Run 'pod install' or update your CocoaPods installation.\nEOM\n    exit 1\nfi\n";
			showEnvVarsInLog = 0;
		};
		4732A882F09DA0104AF45E33 /* 📦 Copy Pods Resources */ = {
			isa = PBXShellScriptBuildPhase;
			buildActionMask = 2147483647;
			files = (
			);
			inputPaths = (
			);
			name = "📦 Copy Pods Resources";
			outputPaths = (
			);
			runOnlyForDeploymentPostprocessing = 0;
			shellPath = /bin/sh;
			shellScript = "\"${SRCROOT}/Pods/Target Support Files/Pods-MapTest/Pods-MapTest-resources.sh\"\n";
			showEnvVarsInLog = 0;
		};
		D800254799ACE1D11B2A36C8 /* 📦 Embed Pods Frameworks */ = {
			isa = PBXShellScriptBuildPhase;
			buildActionMask = 2147483647;
			files = (
			);
			inputPaths = (
			);
			name = "📦 Embed Pods Frameworks";
			outputPaths = (
			);
			runOnlyForDeploymentPostprocessing = 0;
			shellPath = /bin/sh;
			shellScript = "\"${SRCROOT}/Pods/Target Support Files/Pods-MapTest/Pods-MapTest-frameworks.sh\"\n";
			showEnvVarsInLog = 0;
		};
/* End PBXShellScriptBuildPhase section */

/* Begin PBXSourcesBuildPhase section */
		D9B526B11DC6D59B00B5DD08 /* Sources */ = {
			isa = PBXSourcesBuildPhase;
			buildActionMask = 2147483647;
			files = (
				D93462311DC9B915007227CD /* AiWei_MaMapViewController.m in Sources */,
				D9B526FA1DC754D600B5DD08 /* BusCalloutView.m in Sources */,
				D934622E1DC9B632007227CD /* AiWei_MAMapView.m in Sources */,
				D931C0721DC814EE0031D427 /* BusLocationModel.m in Sources */,
				D9B526C01DC6D59B00B5DD08 /* ViewController.m in Sources */,
				D934621B1DC98DD2007227CD /* AiWei_MAPointAnnotation.m in Sources */,
				D9B526BD1DC6D59B00B5DD08 /* AppDelegate.m in Sources */,
				D9B526FD1DC7581900B5DD08 /* BusAnnotationView.m in Sources */,
				D9B526BA1DC6D59B00B5DD08 /* main.m in Sources */,
			);
			runOnlyForDeploymentPostprocessing = 0;
		};
		D9B526CA1DC6D59B00B5DD08 /* Sources */ = {
			isa = PBXSourcesBuildPhase;
			buildActionMask = 2147483647;
			files = (
				D9B526D31DC6D59B00B5DD08 /* MapTestTests.m in Sources */,
			);
			runOnlyForDeploymentPostprocessing = 0;
		};
		D9B526D51DC6D59B00B5DD08 /* Sources */ = {
			isa = PBXSourcesBuildPhase;
			buildActionMask = 2147483647;
			files = (
				D9B526DE1DC6D59B00B5DD08 /* MapTestUITests.m in Sources */,
			);
			runOnlyForDeploymentPostprocessing = 0;
		};
/* End PBXSourcesBuildPhase section */

/* Begin PBXTargetDependency section */
		D9B526D01DC6D59B00B5DD08 /* PBXTargetDependency */ = {
			isa = PBXTargetDependency;
			target = D9B526B41DC6D59B00B5DD08 /* MapTest */;
			targetProxy = D9B526CF1DC6D59B00B5DD08 /* PBXContainerItemProxy */;
		};
		D9B526DB1DC6D59B00B5DD08 /* PBXTargetDependency */ = {
			isa = PBXTargetDependency;
			target = D9B526B41DC6D59B00B5DD08 /* MapTest */;
			targetProxy = D9B526DA1DC6D59B00B5DD08 /* PBXContainerItemProxy */;
		};
/* End PBXTargetDependency section */

/* Begin PBXVariantGroup section */
		D9B526C11DC6D59B00B5DD08 /* Main.storyboard */ = {
			isa = PBXVariantGroup;
			children = (
				D9B526C21DC6D59B00B5DD08 /* Base */,
			);
			name = Main.storyboard;
			sourceTree = "<group>";
		};
		D9B526C61DC6D59B00B5DD08 /* LaunchScreen.storyboard */ = {
			isa = PBXVariantGroup;
			children = (
				D9B526C71DC6D59B00B5DD08 /* Base */,
			);
			name = LaunchScreen.storyboard;
			sourceTree = "<group>";
		};
/* End PBXVariantGroup section */

/* Begin XCBuildConfiguration section */
		D9B526E01DC6D59B00B5DD08 /* Debug */ = {
			isa = XCBuildConfiguration;
			buildSettings = {
				ALWAYS_SEARCH_USER_PATHS = NO;
				CLANG_ANALYZER_NONNULL = YES;
				CLANG_CXX_LANGUAGE_STANDARD = "gnu++0x";
				CLANG_CXX_LIBRARY = "libc++";
				CLANG_ENABLE_MODULES = YES;
				CLANG_ENABLE_OBJC_ARC = YES;
				CLANG_WARN_BOOL_CONVERSION = YES;
				CLANG_WARN_CONSTANT_CONVERSION = YES;
				CLANG_WARN_DIRECT_OBJC_ISA_USAGE = YES_ERROR;
				CLANG_WARN_DOCUMENTATION_COMMENTS = YES;
				CLANG_WARN_EMPTY_BODY = YES;
				CLANG_WARN_ENUM_CONVERSION = YES;
				CLANG_WARN_INFINITE_RECURSION = YES;
				CLANG_WARN_INT_CONVERSION = YES;
				CLANG_WARN_OBJC_ROOT_CLASS = YES_ERROR;
				CLANG_WARN_SUSPICIOUS_MOVES = YES;
				CLANG_WARN_UNREACHABLE_CODE = YES;
				CLANG_WARN__DUPLICATE_METHOD_MATCH = YES;
				"CODE_SIGN_IDENTITY[sdk=iphoneos*]" = "iPhone Developer";
				COPY_PHASE_STRIP = NO;
				DEBUG_INFORMATION_FORMAT = dwarf;
				ENABLE_STRICT_OBJC_MSGSEND = YES;
				ENABLE_TESTABILITY = YES;
				GCC_C_LANGUAGE_STANDARD = gnu99;
				GCC_DYNAMIC_NO_PIC = NO;
				GCC_NO_COMMON_BLOCKS = YES;
				GCC_OPTIMIZATION_LEVEL = 0;
				GCC_PREPROCESSOR_DEFINITIONS = (
					"DEBUG=1",
					"$(inherited)",
				);
				GCC_WARN_64_TO_32_BIT_CONVERSION = YES;
				GCC_WARN_ABOUT_RETURN_TYPE = YES_ERROR;
				GCC_WARN_UNDECLARED_SELECTOR = YES;
				GCC_WARN_UNINITIALIZED_AUTOS = YES_AGGRESSIVE;
				GCC_WARN_UNUSED_FUNCTION = YES;
				GCC_WARN_UNUSED_VARIABLE = YES;
				IPHONEOS_DEPLOYMENT_TARGET = 10.0;
				MTL_ENABLE_DEBUG_INFO = YES;
				ONLY_ACTIVE_ARCH = YES;
				SDKROOT = iphoneos;
				TARGETED_DEVICE_FAMILY = "1,2";
			};
			name = Debug;
		};
		D9B526E11DC6D59B00B5DD08 /* Release */ = {
			isa = XCBuildConfiguration;
			buildSettings = {
				ALWAYS_SEARCH_USER_PATHS = NO;
				CLANG_ANALYZER_NONNULL = YES;
				CLANG_CXX_LANGUAGE_STANDARD = "gnu++0x";
				CLANG_CXX_LIBRARY = "libc++";
				CLANG_ENABLE_MODULES = YES;
				CLANG_ENABLE_OBJC_ARC = YES;
				CLANG_WARN_BOOL_CONVERSION = YES;
				CLANG_WARN_CONSTANT_CONVERSION = YES;
				CLANG_WARN_DIRECT_OBJC_ISA_USAGE = YES_ERROR;
				CLANG_WARN_DOCUMENTATION_COMMENTS = YES;
				CLANG_WARN_EMPTY_BODY = YES;
				CLANG_WARN_ENUM_CONVERSION = YES;
				CLANG_WARN_INFINITE_RECURSION = YES;
				CLANG_WARN_INT_CONVERSION = YES;
				CLANG_WARN_OBJC_ROOT_CLASS = YES_ERROR;
				CLANG_WARN_SUSPICIOUS_MOVES = YES;
				CLANG_WARN_UNREACHABLE_CODE = YES;
				CLANG_WARN__DUPLICATE_METHOD_MATCH = YES;
				"CODE_SIGN_IDENTITY[sdk=iphoneos*]" = "iPhone Developer";
				COPY_PHASE_STRIP = NO;
				DEBUG_INFORMATION_FORMAT = "dwarf-with-dsym";
				ENABLE_NS_ASSERTIONS = NO;
				ENABLE_STRICT_OBJC_MSGSEND = YES;
				GCC_C_LANGUAGE_STANDARD = gnu99;
				GCC_NO_COMMON_BLOCKS = YES;
				GCC_WARN_64_TO_32_BIT_CONVERSION = YES;
				GCC_WARN_ABOUT_RETURN_TYPE = YES_ERROR;
				GCC_WARN_UNDECLARED_SELECTOR = YES;
				GCC_WARN_UNINITIALIZED_AUTOS = YES_AGGRESSIVE;
				GCC_WARN_UNUSED_FUNCTION = YES;
				GCC_WARN_UNUSED_VARIABLE = YES;
				IPHONEOS_DEPLOYMENT_TARGET = 10.0;
				MTL_ENABLE_DEBUG_INFO = NO;
				SDKROOT = iphoneos;
				TARGETED_DEVICE_FAMILY = "1,2";
				VALIDATE_PRODUCT = YES;
			};
			name = Release;
		};
		D9B526E31DC6D59B00B5DD08 /* Debug */ = {
			isa = XCBuildConfiguration;
			baseConfigurationReference = 12B9326B63549A6C5FC32130 /* Pods-MapTest.debug.xcconfig */;
			buildSettings = {
				ASSETCATALOG_COMPILER_APPICON_NAME = AppIcon;
				DEVELOPMENT_TEAM = 5U4E6NB59X;
				INFOPLIST_FILE = MapTest/Info.plist;
				IPHONEOS_DEPLOYMENT_TARGET = 8.0;
				LD_RUNPATH_SEARCH_PATHS = "$(inherited) @executable_path/Frameworks";
				PRODUCT_BUNDLE_IDENTIFIER = com.HSF.MapTest;
				PRODUCT_NAME = "$(TARGET_NAME)";
			};
			name = Debug;
		};
		D9B526E41DC6D59B00B5DD08 /* Release */ = {
			isa = XCBuildConfiguration;
			baseConfigurationReference = 073E9150B18587519A00D9F9 /* Pods-MapTest.release.xcconfig */;
			buildSettings = {
				ASSETCATALOG_COMPILER_APPICON_NAME = AppIcon;
				DEVELOPMENT_TEAM = 5U4E6NB59X;
				INFOPLIST_FILE = MapTest/Info.plist;
				IPHONEOS_DEPLOYMENT_TARGET = 8.0;
				LD_RUNPATH_SEARCH_PATHS = "$(inherited) @executable_path/Frameworks";
				PRODUCT_BUNDLE_IDENTIFIER = com.HSF.MapTest;
				PRODUCT_NAME = "$(TARGET_NAME)";
			};
			name = Release;
		};
		D9B526E61DC6D59B00B5DD08 /* Debug */ = {
			isa = XCBuildConfiguration;
			buildSettings = {
				BUNDLE_LOADER = "$(TEST_HOST)";
				INFOPLIST_FILE = MapTestTests/Info.plist;
				LD_RUNPATH_SEARCH_PATHS = "$(inherited) @executable_path/Frameworks @loader_path/Frameworks";
				PRODUCT_BUNDLE_IDENTIFIER = com.HSF.MapTestTests;
				PRODUCT_NAME = "$(TARGET_NAME)";
				TEST_HOST = "$(BUILT_PRODUCTS_DIR)/MapTest.app/MapTest";
			};
			name = Debug;
		};
		D9B526E71DC6D59B00B5DD08 /* Release */ = {
			isa = XCBuildConfiguration;
			buildSettings = {
				BUNDLE_LOADER = "$(TEST_HOST)";
				INFOPLIST_FILE = MapTestTests/Info.plist;
				LD_RUNPATH_SEARCH_PATHS = "$(inherited) @executable_path/Frameworks @loader_path/Frameworks";
				PRODUCT_BUNDLE_IDENTIFIER = com.HSF.MapTestTests;
				PRODUCT_NAME = "$(TARGET_NAME)";
				TEST_HOST = "$(BUILT_PRODUCTS_DIR)/MapTest.app/MapTest";
			};
			name = Release;
		};
		D9B526E91DC6D59B00B5DD08 /* Debug */ = {
			isa = XCBuildConfiguration;
			buildSettings = {
				INFOPLIST_FILE = MapTestUITests/Info.plist;
				LD_RUNPATH_SEARCH_PATHS = "$(inherited) @executable_path/Frameworks @loader_path/Frameworks";
				PRODUCT_BUNDLE_IDENTIFIER = com.HSF.MapTestUITests;
				PRODUCT_NAME = "$(TARGET_NAME)";
				TEST_TARGET_NAME = MapTest;
			};
			name = Debug;
		};
		D9B526EA1DC6D59B00B5DD08 /* Release */ = {
			isa = XCBuildConfiguration;
			buildSettings = {
				INFOPLIST_FILE = MapTestUITests/Info.plist;
				LD_RUNPATH_SEARCH_PATHS = "$(inherited) @executable_path/Frameworks @loader_path/Frameworks";
				PRODUCT_BUNDLE_IDENTIFIER = com.HSF.MapTestUITests;
				PRODUCT_NAME = "$(TARGET_NAME)";
				TEST_TARGET_NAME = MapTest;
			};
			name = Release;
		};
/* End XCBuildConfiguration section */

/* Begin XCConfigurationList section */
		D9B526B01DC6D59B00B5DD08 /* Build configuration list for PBXProject "MapTest" */ = {
			isa = XCConfigurationList;
			buildConfigurations = (
				D9B526E01DC6D59B00B5DD08 /* Debug */,
				D9B526E11DC6D59B00B5DD08 /* Release */,
			);
			defaultConfigurationIsVisible = 0;
			defaultConfigurationName = Release;
		};
		D9B526E21DC6D59B00B5DD08 /* Build configuration list for PBXNativeTarget "MapTest" */ = {
			isa = XCConfigurationList;
			buildConfigurations = (
				D9B526E31DC6D59B00B5DD08 /* Debug */,
				D9B526E41DC6D59B00B5DD08 /* Release */,
			);
			defaultConfigurationIsVisible = 0;
			defaultConfigurationName = Release;
		};
		D9B526E51DC6D59B00B5DD08 /* Build configuration list for PBXNativeTarget "MapTestTests" */ = {
			isa = XCConfigurationList;
			buildConfigurations = (
				D9B526E61DC6D59B00B5DD08 /* Debug */,
				D9B526E71DC6D59B00B5DD08 /* Release */,
			);
			defaultConfigurationIsVisible = 0;
			defaultConfigurationName = Release;
		};
		D9B526E81DC6D59B00B5DD08 /* Build configuration list for PBXNativeTarget "MapTestUITests" */ = {
			isa = XCConfigurationList;
			buildConfigurations = (
				D9B526E91DC6D59B00B5DD08 /* Debug */,
				D9B526EA1DC6D59B00B5DD08 /* Release */,
			);
			defaultConfigurationIsVisible = 0;
			defaultConfigurationName = Release;
		};
/* End XCConfigurationList section */
	};
	rootObject = D9B526AD1DC6D59B00B5DD08 /* Project object */;
}
